{
  "version": 4,
  "terraform_version": "1.5.6",
  "serial": 20,
  "lineage": "24ce6bed-850a-2c6e-c431-9c5dd068a89c",
  "outputs": {},
  "resources": [
    {
      "mode": "data",
      "type": "terraform_remote_state",
      "name": "network",
      "provider": "provider[\"terraform.io/builtin/terraform\"]",
      "instances": [
        {
          "schema_version": 0,
          "attributes": {
            "backend": "local",
            "config": {
              "value": {
                "path": "../Vpc-eks/terraform.tfstate"
              },
              "type": [
                "object",
                {
                  "path": "string"
                }
              ]
            },
            "defaults": null,
            "outputs": {
              "value": {
                "demo_role": "arn:aws:iam::846610454445:role/eks-node-group-nodes",
                "node_role": "arn:aws:iam::846610454445:role/eks-cluster-demo",
                "private": [
                  "subnet-099f22386304e6976",
                  "subnet-099a2f8f7351b8b96"
                ],
                "public": [
                  "subnet-0e858ac6534ffc948",
                  "subnet-04407608640561ca8"
                ]
              },
              "type": [
                "object",
                {
                  "demo_role": "string",
                  "node_role": "string",
                  "private": [
                    "tuple",
                    [
                      "string",
                      "string"
                    ]
                  ],
                  "public": [
                    "tuple",
                    [
                      "string",
                      "string"
                    ]
                  ]
                }
              ]
            },
            "workspace": null
          },
          "sensitive_attributes": []
        }
      ]
    },
    {
      "mode": "managed",
      "type": "aws_eks_cluster",
      "name": "demo",
      "provider": "provider[\"registry.terraform.io/hashicorp/aws\"]",
      "instances": [
        {
          "schema_version": 0,
          "attributes": {
            "arn": "arn:aws:eks:us-east-1:846610454445:cluster/demo",
            "certificate_authority": [
              {
                "data": "LS0tLS1CRUdJTiBDRVJUSUZJQ0FURS0tLS0tCk1JSURCVENDQWUyZ0F3SUJBZ0lJRktkckFZMjh0K1V3RFFZSktvWklodmNOQVFFTEJRQXdGVEVUTUJFR0ExVUUKQXhNS2EzVmlaWEp1WlhSbGN6QWVGdzB5TXpFd01UY3lNREE0TWpaYUZ3MHpNekV3TVRReU1ERXpNalphTUJVeApFekFSQmdOVkJBTVRDbXQxWW1WeWJtVjBaWE13Z2dFaU1BMEdDU3FHU0liM0RRRUJBUVVBQTRJQkR3QXdnZ0VLCkFvSUJBUUMvQ2tTVFdrRmhUOWpDMGFLRFJUVkU3cDdOUjhZK0lCYTlBWW9QeXBSZzdXK0Flc2Z0S2IrSWVVdVEKQ1Y0bTNQQk5XTUdIMlVOUmV3eDFsVC9HVUhaa21sSzRzS29XSU8wR29vaVM0RkFmKzVKRElzcy9XY2VWTG9QeApndDZJaXR5T1g3TFFoeEtvOEVJV0ZVd21yRDdlVmR5UlRQTklCWk5VSmYwUU94dlVnMmYrakFNcmhaQWhpdGdsCko3QlpQNG5GT3A4Uk9hSWNGWnB5QXhmM203WjhZTDBmN3YyS2RDVGVabzdETlF3bUpnNGpxaXBtWHBvNHA3WUUKRXlHVkdudEFiNnIvNktQcG81R1pBSWRCQldqczlhRFFEaFpDLzVFanAzZnZXWlZWUHNEUUF6aVU5L28xRDdTVQprNER2T3BtMFlxNE9XL3RnakduZXcvUUoxRHl6QWdNQkFBR2pXVEJYTUE0R0ExVWREd0VCL3dRRUF3SUNwREFQCkJnTlZIUk1CQWY4RUJUQURBUUgvTUIwR0ExVWREZ1FXQkJTb2dtN2xiYjJsa041RnJPY09TWXhNQ3pzUXR6QVYKQmdOVkhSRUVEakFNZ2dwcmRXSmxjbTVsZEdWek1BMEdDU3FHU0liM0RRRUJDd1VBQTRJQkFRQVlCTEdaTkZJQwpzZnRVMjFTRC9tZE5nY0RBakZUL3ZkY0U3YW8vc2ViVE9tK0llNU9RbklnN0FIUVZSOHpObzJFb1JETXZaTzNsCmNpa0xVZGZ4MG1MN0N3RWRBR3NOY0R2ZG52OUlXSSsvOTA0MU1KOWsxZkFaMVkvVTArckVIM2ZDbWhKMzFEVjAKQlQxSHpuTVU3VXVmc3R5bnpHcFBsV1BMSm9RTnc0Z3lJOTg3amdZV1NmSHdkeERJYUFLaHM4WEV3NEE4OVdoeAo2NTVGZE40bUNtSXJjWHBIK2g5c29GOHBHVEhRMDBIL3VwOUQ3NHp3UzJWRENyVG01ZUVjbWVJaW0yRzJQc3prCmdKMnJNU0ZPN3dMSS9NMG9nYU9NMGdHNGM4aHpyc3pKWGw5dGlQZUFlcG5HZCtQZmI0UDUxbDBlcExJa0FFMnMKRnI0anhxWWhxTmVWCi0tLS0tRU5EIENFUlRJRklDQVRFLS0tLS0K"
              }
            ],
            "created_at": "2023-10-17 20:09:04.681 +0000 UTC",
            "enabled_cluster_log_types": null,
            "encryption_config": [],
            "endpoint": "https://5E54729F7EECCE8FA4317AE08B89A29C.gr7.us-east-1.eks.amazonaws.com",
            "id": "demo",
            "identity": [
              {
                "oidc": [
                  {
                    "issuer": "https://oidc.eks.us-east-1.amazonaws.com/id/5E54729F7EECCE8FA4317AE08B89A29C"
                  }
                ]
              }
            ],
            "kubernetes_network_config": [
              {
                "ip_family": "ipv4",
                "service_ipv4_cidr": "172.20.0.0/16"
              }
            ],
            "name": "demo",
            "platform_version": "eks.6",
            "role_arn": "arn:aws:iam::846610454445:role/eks-cluster-demo",
            "status": "ACTIVE",
            "tags": null,
            "tags_all": {},
            "timeouts": null,
            "version": "1.27",
            "vpc_config": [
              {
                "cluster_security_group_id": "sg-003f585e23c995c11",
                "endpoint_private_access": true,
                "endpoint_public_access": true,
                "public_access_cidrs": [
                  "0.0.0.0/0"
                ],
                "security_group_ids": null,
                "subnet_ids": [
                  "subnet-04407608640561ca8",
                  "subnet-099f22386304e6976"
                ],
                "vpc_id": "vpc-0455fa18d9e88de62"
              }
            ]
          },
          "sensitive_attributes": [],
          "private": "eyJlMmJmYjczMC1lY2FhLTExZTYtOGY4OC0zNDM2M2JjN2M0YzAiOnsiY3JlYXRlIjoxODAwMDAwMDAwMDAwLCJkZWxldGUiOjkwMDAwMDAwMDAwMCwidXBkYXRlIjozNjAwMDAwMDAwMDAwfX0=",
          "dependencies": [
            "data.terraform_remote_state.network"
          ]
        }
      ]
    },
    {
      "mode": "managed",
      "type": "aws_eks_node_group",
      "name": "private-nodes",
      "provider": "provider[\"registry.terraform.io/hashicorp/aws\"]",
      "instances": [
        {
          "schema_version": 0,
          "attributes": {
            "ami_type": "AL2_x86_64",
            "arn": "arn:aws:eks:us-east-1:846610454445:nodegroup/demo/private-nodes/16c59fa4-af9f-f7cc-92ba-f11b7cd808ef",
            "capacity_type": "ON_DEMAND",
            "cluster_name": "demo",
            "disk_size": 20,
            "force_update_version": null,
            "id": "demo:private-nodes",
            "instance_types": [
              "t2.medium"
            ],
            "labels": {
              "role": "devOps"
            },
            "launch_template": [],
            "node_group_name": "private-nodes",
            "node_group_name_prefix": "",
            "node_role_arn": "arn:aws:iam::846610454445:role/eks-node-group-nodes",
            "release_version": "1.27.5-20231002",
            "remote_access": [],
            "resources": [
              {
                "autoscaling_groups": [
                  {
                    "name": "eks-private-nodes-16c59fa4-af9f-f7cc-92ba-f11b7cd808ef"
                  }
                ],
                "remote_access_security_group_id": ""
              }
            ],
            "scaling_config": [
              {
                "desired_size": 2,
                "max_size": 10,
                "min_size": 0
              }
            ],
            "status": "ACTIVE",
            "subnet_ids": [
              "subnet-099a2f8f7351b8b96",
              "subnet-099f22386304e6976"
            ],
            "tags": {
              "k8s.io/cluster-autoscaler/demo": "owend",
              "k8s.io/cluster-autoscaler/enabled": "false"
            },
            "tags_all": {
              "k8s.io/cluster-autoscaler/demo": "owend",
              "k8s.io/cluster-autoscaler/enabled": "false"
            },
            "taint": [],
            "timeouts": null,
            "update_config": [
              {
                "max_unavailable": 1,
                "max_unavailable_percentage": 0
              }
            ],
            "version": "1.27"
          },
          "sensitive_attributes": [],
          "private": "eyJlMmJmYjczMC1lY2FhLTExZTYtOGY4OC0zNDM2M2JjN2M0YzAiOnsiY3JlYXRlIjozNjAwMDAwMDAwMDAwLCJkZWxldGUiOjM2MDAwMDAwMDAwMDAsInVwZGF0ZSI6MzYwMDAwMDAwMDAwMH19",
          "dependencies": [
            "aws_eks_cluster.demo",
            "data.terraform_remote_state.network"
          ]
        }
      ]
    }
  ],
  "check_results": null
}
